
Microsoft Visual Studio Solution File, Format Version 12.00
# Visual Studio Version 17
VisualStudioVersion = 17.5.33516.290
MinimumVisualStudioVersion = 10.0.40219.1
Project("{9A19103F-16F7-4668-BE54-9A1E7A4F7556}") = "LibWindPop", "src\LibWindPop.csproj", "{A380E679-7945-451B-B9D1-856954849C57}"
EndProject
Project("{9A19103F-16F7-4668-BE54-9A1E7A4F7556}") = "LibWindPop.Test", "test\LibWindPop.Test.csproj", "{E1B88F26-AC6E-4668-8F6E-BB043BCCAC05}"
EndProject
Project("{2150E333-8FDC-42A3-9474-1A3956D46DE8}") = "Solution Items", "Solution Items", "{A57DF34D-921A-4225-BE17-3F12355109A5}"
	ProjectSection(SolutionItems) = preProject
		.editorconfig = .editorconfig
	EndProjectSection
EndProject
Project("{2150E333-8FDC-42A3-9474-1A3956D46DE8}") = "Samples", "Samples", "{32583522-B6BD-475C-96B8-BBA6FB5277D3}"
EndProject
Project("{2150E333-8FDC-42A3-9474-1A3956D46DE8}") = "cpp", "cpp", "{1CC6AFCE-137C-442F-9C79-922275CF69EF}"
EndProject
Project("{8BC9CEB8-8B4A-11D0-8D11-00A0C91BC942}") = "RsbAndPtxCoder", "samples\cpp\RsbAndPtxCoder\RsbAndPtxCoder.vcxproj", "{3EA92F8B-12DD-4C6D-B1A5-6B9D213E8D28}"
EndProject
Global
	GlobalSection(SolutionConfigurationPlatforms) = preSolution
		Debug|x64 = Debug|x64
		Release|x64 = Release|x64
	EndGlobalSection
	GlobalSection(ProjectConfigurationPlatforms) = postSolution
		{A380E679-7945-451B-B9D1-856954849C57}.Debug|x64.ActiveCfg = Debug|Any CPU
		{A380E679-7945-451B-B9D1-856954849C57}.Debug|x64.Build.0 = Debug|Any CPU
		{A380E679-7945-451B-B9D1-856954849C57}.Release|x64.ActiveCfg = Release|Any CPU
		{A380E679-7945-451B-B9D1-856954849C57}.Release|x64.Build.0 = Release|Any CPU
		{E1B88F26-AC6E-4668-8F6E-BB043BCCAC05}.Debug|x64.ActiveCfg = Debug|Any CPU
		{E1B88F26-AC6E-4668-8F6E-BB043BCCAC05}.Debug|x64.Build.0 = Debug|Any CPU
		{E1B88F26-AC6E-4668-8F6E-BB043BCCAC05}.Release|x64.ActiveCfg = Release|Any CPU
		{E1B88F26-AC6E-4668-8F6E-BB043BCCAC05}.Release|x64.Build.0 = Release|Any CPU
		{3EA92F8B-12DD-4C6D-B1A5-6B9D213E8D28}.Debug|x64.ActiveCfg = Debug|x64
		{3EA92F8B-12DD-4C6D-B1A5-6B9D213E8D28}.Debug|x64.Build.0 = Debug|x64
		{3EA92F8B-12DD-4C6D-B1A5-6B9D213E8D28}.Release|x64.ActiveCfg = Release|x64
		{3EA92F8B-12DD-4C6D-B1A5-6B9D213E8D28}.Release|x64.Build.0 = Release|x64
	EndGlobalSection
	GlobalSection(SolutionProperties) = preSolution
		HideSolutionNode = FALSE
	EndGlobalSection
	GlobalSection(NestedProjects) = preSolution
		{1CC6AFCE-137C-442F-9C79-922275CF69EF} = {32583522-B6BD-475C-96B8-BBA6FB5277D3}
		{3EA92F8B-12DD-4C6D-B1A5-6B9D213E8D28} = {1CC6AFCE-137C-442F-9C79-922275CF69EF}
	EndGlobalSection
	GlobalSection(ExtensibilityGlobals) = postSolution
		SolutionGuid = {787A8C4E-BB0D-407A-8E5E-A8AA81989310}
	EndGlobalSection
EndGlobal
